
Microsoft Visual Studio Solution File, Format Version 11.00
# Visual Studio 2010
Project("{8BC9CEB8-8B4A-11D0-8D11-00A0C91BC942}") = "CSE_332_Lab3", "CSE_332_Lab2.vcxproj", "{E051B35F-D1F3-E8D5-F72E-4888C71E7C03}"
EndProject
Global
	GlobalSection(SolutionConfigurationPlatforms) = preSolution
		Debug|Win32 = Debug|Win32
		Release|Win32 = Release|Win32
	EndGlobalSection
	GlobalSection(ProjectConfigurationPlatforms) = postSolution
		{E051B35F-D1F3-E8D5-F72E-4888C71E7C03}.Debug|Win32.ActiveCfg = Debug|Win32
		{E051B35F-D1F3-E8D5-F72E-4888C71E7C03}.Debug|Win32.Build.0 = Debug|Win32
		{E051B35F-D1F3-E8D5-F72E-4888C71E7C03}.Release|Win32.ActiveCfg = Release|Win32
		{E051B35F-D1F3-E8D5-F72E-4888C71E7C03}.Release|Win32.Build.0 = Release|Win32
	EndGlobalSection
	GlobalSection(SolutionProperties) = preSolution
		HideSolutionNode = FALSE
	EndGlobalSection
EndGlobal
